
Microsoft Visual Studio Solution File, Format Version 12.00
# Visual Studio 14
VisualStudioVersion = 14.0.25123.0
MinimumVisualStudioVersion = 10.0.40219.1
Project("{FAE04EC0-301F-11D3-BF4B-00C04F79EFBC}") = "SharedClasses", "SharedClasses\SharedClasses.csproj", "{51E169D3-C988-4460-AB60-BFC72848E954}"
EndProject
Project("{F088123C-0E9E-452A-89E6-6BA2F21D5CAC}") = "Chat Program Models", "Documentation\Chat Program Models\Chat Program Models.modelproj", "{E3D7D951-6972-4512-9EB4-73AEFA3FCE70}"
EndProject
Project("{FAE04EC0-301F-11D3-BF4B-00C04F79EFBC}") = "Server", "Server\Server.csproj", "{ABC9CFE2-4CED-4504-BA0A-9A33CCE30D4C}"
EndProject
Project("{2150E333-8FDC-42A3-9474-1A3956D46DE8}") = "Client", "Client", "{0CC798A7-8863-44FD-8894-6354B09372DB}"
EndProject
Project("{FAE04EC0-301F-11D3-BF4B-00C04F79EFBC}") = "ChatClient.ViewModels", "Client\ChatClient.ViewModels\ChatClient.ViewModels.csproj", "{76016A71-8749-4364-B242-D4C231634D23}"
	ProjectSection(ProjectDependencies) = postProject
		{524E9A53-B24B-43EB-A285-62B44C520CFE} = {524E9A53-B24B-43EB-A285-62B44C520CFE}
	EndProjectSection
EndProject
Project("{FAE04EC0-301F-11D3-BF4B-00C04F79EFBC}") = "ChatClient.Services", "Client\ChatClient.Services\ChatClient.Services.csproj", "{524E9A53-B24B-43EB-A285-62B44C520CFE}"
	ProjectSection(ProjectDependencies) = postProject
		{51E169D3-C988-4460-AB60-BFC72848E954} = {51E169D3-C988-4460-AB60-BFC72848E954}
	EndProjectSection
EndProject
Project("{FAE04EC0-301F-11D3-BF4B-00C04F79EFBC}") = "ChatClient.Views", "Client\ChatClient.Views\ChatClient.Views.csproj", "{14F7D1F8-A983-4B30-A6B6-99B3E418C3A2}"
EndProject
Project("{FAE04EC0-301F-11D3-BF4B-00C04F79EFBC}") = "ChatClient.Models", "Client\ChatClient.Models\ChatClient.Models.csproj", "{CE7572B1-9F87-4EA5-87B1-69B794E2DA09}"
EndProject
Project("{2150E333-8FDC-42A3-9474-1A3956D46DE8}") = "Test", "Test", "{F981364E-526A-48DB-846C-DB8F25F3A0BB}"
EndProject
Project("{FAE04EC0-301F-11D3-BF4B-00C04F79EFBC}") = "SharedClassesTests", "Test\SharedClassesTests\SharedClassesTests.csproj", "{581AFCE5-A34B-4BCD-BD84-2AC2FFBE4D19}"
EndProject
Project("{FAE04EC0-301F-11D3-BF4B-00C04F79EFBC}") = "ServerTests", "Test\ServerTests\ServerTests.csproj", "{B0D2136F-EFF3-4F9F-B74D-3A03D611596E}"
EndProject
Global
	GlobalSection(SolutionConfigurationPlatforms) = preSolution
		Debug|Any CPU = Debug|Any CPU
		Release|Any CPU = Release|Any CPU
	EndGlobalSection
	GlobalSection(ProjectConfigurationPlatforms) = postSolution
		{51E169D3-C988-4460-AB60-BFC72848E954}.Debug|Any CPU.ActiveCfg = Debug|Any CPU
		{51E169D3-C988-4460-AB60-BFC72848E954}.Debug|Any CPU.Build.0 = Debug|Any CPU
		{51E169D3-C988-4460-AB60-BFC72848E954}.Release|Any CPU.ActiveCfg = Release|Any CPU
		{51E169D3-C988-4460-AB60-BFC72848E954}.Release|Any CPU.Build.0 = Release|Any CPU
		{E3D7D951-6972-4512-9EB4-73AEFA3FCE70}.Debug|Any CPU.ActiveCfg = Debug|Any CPU
		{E3D7D951-6972-4512-9EB4-73AEFA3FCE70}.Debug|Any CPU.Build.0 = Debug|Any CPU
		{E3D7D951-6972-4512-9EB4-73AEFA3FCE70}.Release|Any CPU.ActiveCfg = Release|Any CPU
		{E3D7D951-6972-4512-9EB4-73AEFA3FCE70}.Release|Any CPU.Build.0 = Release|Any CPU
		{ABC9CFE2-4CED-4504-BA0A-9A33CCE30D4C}.Debug|Any CPU.ActiveCfg = Debug|Any CPU
		{ABC9CFE2-4CED-4504-BA0A-9A33CCE30D4C}.Debug|Any CPU.Build.0 = Debug|Any CPU
		{ABC9CFE2-4CED-4504-BA0A-9A33CCE30D4C}.Release|Any CPU.ActiveCfg = Release|Any CPU
		{ABC9CFE2-4CED-4504-BA0A-9A33CCE30D4C}.Release|Any CPU.Build.0 = Release|Any CPU
		{76016A71-8749-4364-B242-D4C231634D23}.Debug|Any CPU.ActiveCfg = Debug|Any CPU
		{76016A71-8749-4364-B242-D4C231634D23}.Debug|Any CPU.Build.0 = Debug|Any CPU
		{76016A71-8749-4364-B242-D4C231634D23}.Release|Any CPU.ActiveCfg = Release|Any CPU
		{76016A71-8749-4364-B242-D4C231634D23}.Release|Any CPU.Build.0 = Release|Any CPU
		{524E9A53-B24B-43EB-A285-62B44C520CFE}.Debug|Any CPU.ActiveCfg = Debug|Any CPU
		{524E9A53-B24B-43EB-A285-62B44C520CFE}.Debug|Any CPU.Build.0 = Debug|Any CPU
		{524E9A53-B24B-43EB-A285-62B44C520CFE}.Release|Any CPU.ActiveCfg = Release|Any CPU
		{524E9A53-B24B-43EB-A285-62B44C520CFE}.Release|Any CPU.Build.0 = Release|Any CPU
		{14F7D1F8-A983-4B30-A6B6-99B3E418C3A2}.Debug|Any CPU.ActiveCfg = Debug|Any CPU
		{14F7D1F8-A983-4B30-A6B6-99B3E418C3A2}.Debug|Any CPU.Build.0 = Debug|Any CPU
		{14F7D1F8-A983-4B30-A6B6-99B3E418C3A2}.Release|Any CPU.ActiveCfg = Release|Any CPU
		{14F7D1F8-A983-4B30-A6B6-99B3E418C3A2}.Release|Any CPU.Build.0 = Release|Any CPU
		{CE7572B1-9F87-4EA5-87B1-69B794E2DA09}.Debug|Any CPU.ActiveCfg = Debug|Any CPU
		{CE7572B1-9F87-4EA5-87B1-69B794E2DA09}.Debug|Any CPU.Build.0 = Debug|Any CPU
		{CE7572B1-9F87-4EA5-87B1-69B794E2DA09}.Release|Any CPU.ActiveCfg = Release|Any CPU
		{CE7572B1-9F87-4EA5-87B1-69B794E2DA09}.Release|Any CPU.Build.0 = Release|Any CPU
		{581AFCE5-A34B-4BCD-BD84-2AC2FFBE4D19}.Debug|Any CPU.ActiveCfg = Debug|Any CPU
		{581AFCE5-A34B-4BCD-BD84-2AC2FFBE4D19}.Debug|Any CPU.Build.0 = Debug|Any CPU
		{581AFCE5-A34B-4BCD-BD84-2AC2FFBE4D19}.Release|Any CPU.ActiveCfg = Release|Any CPU
		{581AFCE5-A34B-4BCD-BD84-2AC2FFBE4D19}.Release|Any CPU.Build.0 = Release|Any CPU
		{B0D2136F-EFF3-4F9F-B74D-3A03D611596E}.Debug|Any CPU.ActiveCfg = Debug|Any CPU
		{B0D2136F-EFF3-4F9F-B74D-3A03D611596E}.Debug|Any CPU.Build.0 = Debug|Any CPU
		{B0D2136F-EFF3-4F9F-B74D-3A03D611596E}.Release|Any CPU.ActiveCfg = Release|Any CPU
		{B0D2136F-EFF3-4F9F-B74D-3A03D611596E}.Release|Any CPU.Build.0 = Release|Any CPU
	EndGlobalSection
	GlobalSection(SolutionProperties) = preSolution
		HideSolutionNode = FALSE
	EndGlobalSection
	GlobalSection(NestedProjects) = preSolution
		{76016A71-8749-4364-B242-D4C231634D23} = {0CC798A7-8863-44FD-8894-6354B09372DB}
		{524E9A53-B24B-43EB-A285-62B44C520CFE} = {0CC798A7-8863-44FD-8894-6354B09372DB}
		{14F7D1F8-A983-4B30-A6B6-99B3E418C3A2} = {0CC798A7-8863-44FD-8894-6354B09372DB}
		{CE7572B1-9F87-4EA5-87B1-69B794E2DA09} = {0CC798A7-8863-44FD-8894-6354B09372DB}
		{581AFCE5-A34B-4BCD-BD84-2AC2FFBE4D19} = {F981364E-526A-48DB-846C-DB8F25F3A0BB}
		{B0D2136F-EFF3-4F9F-B74D-3A03D611596E} = {F981364E-526A-48DB-846C-DB8F25F3A0BB}
	EndGlobalSection
EndGlobal
